// !$*UTF8*$!
{
	archiveVersion = 1;
	classes = {
	};
	objectVersion = 55;
	objects = {

/* Begin PBXBuildFile section */
		ACB588A428E7E66F0025D230 /* ResuableLabel.swift in Sources */ = {isa = PBXBuildFile; fileRef = ACB588A328E7E66F0025D230 /* ResuableLabel.swift */; };
		ACB588A628E7E6D80025D230 /* Extensions.swift in Sources */ = {isa = PBXBuildFile; fileRef = ACB588A528E7E6D80025D230 /* Extensions.swift */; };
		ACB588A828E7E9C30025D230 /* ReusableButton.swift in Sources */ = {isa = PBXBuildFile; fileRef = ACB588A728E7E9C30025D230 /* ReusableButton.swift */; };
		ACB588AB28E7F08C0025D230 /* SnapKit in Frameworks */ = {isa = PBXBuildFile; productRef = ACB588AA28E7F08C0025D230 /* SnapKit */; };
		ACFEBEA328E7603000372297 /* AppDelegate.swift in Sources */ = {isa = PBXBuildFile; fileRef = ACFEBEA228E7603000372297 /* AppDelegate.swift */; };
		ACFEBEA528E7603000372297 /* SceneDelegate.swift in Sources */ = {isa = PBXBuildFile; fileRef = ACFEBEA428E7603000372297 /* SceneDelegate.swift */; };
		ACFEBEA728E7603000372297 /* ViewController.swift in Sources */ = {isa = PBXBuildFile; fileRef = ACFEBEA628E7603000372297 /* ViewController.swift */; };
		ACFEBEAA28E7603000372297 /* Main.storyboard in Resources */ = {isa = PBXBuildFile; fileRef = ACFEBEA828E7603000372297 /* Main.storyboard */; };
		ACFEBEAC28E7603100372297 /* Assets.xcassets in Resources */ = {isa = PBXBuildFile; fileRef = ACFEBEAB28E7603100372297 /* Assets.xcassets */; };
		ACFEBEAF28E7603100372297 /* LaunchScreen.storyboard in Resources */ = {isa = PBXBuildFile; fileRef = ACFEBEAD28E7603100372297 /* LaunchScreen.storyboard */; };
		ACFEBED128E7678900372297 /* FirebaseAnalytics in Frameworks */ = {isa = PBXBuildFile; productRef = ACFEBED028E7678900372297 /* FirebaseAnalytics */; };
		ACFEBED328E7678900372297 /* FirebaseAnalyticsOnDeviceConversion in Frameworks */ = {isa = PBXBuildFile; productRef = ACFEBED228E7678900372297 /* FirebaseAnalyticsOnDeviceConversion */; };
		ACFEBED528E7678900372297 /* FirebaseAnalyticsSwift in Frameworks */ = {isa = PBXBuildFile; productRef = ACFEBED428E7678900372297 /* FirebaseAnalyticsSwift */; };
		ACFEBED728E7678900372297 /* FirebaseAnalyticsWithoutAdIdSupport in Frameworks */ = {isa = PBXBuildFile; productRef = ACFEBED628E7678900372297 /* FirebaseAnalyticsWithoutAdIdSupport */; };
		ACFEBED928E7678900372297 /* FirebaseAppCheck in Frameworks */ = {isa = PBXBuildFile; productRef = ACFEBED828E7678900372297 /* FirebaseAppCheck */; };
		ACFEBEDB28E7678900372297 /* FirebaseAppDistribution-Beta in Frameworks */ = {isa = PBXBuildFile; productRef = ACFEBEDA28E7678900372297 /* FirebaseAppDistribution-Beta */; };
		ACFEBEDD28E7678900372297 /* FirebaseAuth in Frameworks */ = {isa = PBXBuildFile; productRef = ACFEBEDC28E7678900372297 /* FirebaseAuth */; };
		ACFEBEDF28E7678900372297 /* FirebaseAuthCombine-Community in Frameworks */ = {isa = PBXBuildFile; productRef = ACFEBEDE28E7678900372297 /* FirebaseAuthCombine-Community */; };
		ACFEBEE128E7678900372297 /* FirebaseCrashlytics in Frameworks */ = {isa = PBXBuildFile; productRef = ACFEBEE028E7678900372297 /* FirebaseCrashlytics */; };
		ACFEBEE328E7678900372297 /* FirebaseDatabase in Frameworks */ = {isa = PBXBuildFile; productRef = ACFEBEE228E7678900372297 /* FirebaseDatabase */; };
		ACFEBEE528E7678900372297 /* FirebaseDatabaseSwift in Frameworks */ = {isa = PBXBuildFile; productRef = ACFEBEE428E7678900372297 /* FirebaseDatabaseSwift */; };
		ACFEBEE728E7678900372297 /* FirebaseDynamicLinks in Frameworks */ = {isa = PBXBuildFile; productRef = ACFEBEE628E7678900372297 /* FirebaseDynamicLinks */; };
		ACFEBEE928E7678900372297 /* FirebaseFirestore in Frameworks */ = {isa = PBXBuildFile; productRef = ACFEBEE828E7678900372297 /* FirebaseFirestore */; };
		ACFEBEEB28E7678900372297 /* FirebaseFirestoreCombine-Community in Frameworks */ = {isa = PBXBuildFile; productRef = ACFEBEEA28E7678900372297 /* FirebaseFirestoreCombine-Community */; };
		ACFEBEED28E7678900372297 /* FirebaseFirestoreSwift in Frameworks */ = {isa = PBXBuildFile; productRef = ACFEBEEC28E7678900372297 /* FirebaseFirestoreSwift */; };
		ACFEBEEF28E7678900372297 /* FirebaseFunctions in Frameworks */ = {isa = PBXBuildFile; productRef = ACFEBEEE28E7678900372297 /* FirebaseFunctions */; };
		ACFEBEF128E7678900372297 /* FirebaseFunctionsCombine-Community in Frameworks */ = {isa = PBXBuildFile; productRef = ACFEBEF028E7678900372297 /* FirebaseFunctionsCombine-Community */; };
		ACFEBEF328E7678900372297 /* FirebaseInAppMessaging-Beta in Frameworks */ = {isa = PBXBuildFile; productRef = ACFEBEF228E7678900372297 /* FirebaseInAppMessaging-Beta */; };
		ACFEBEF528E7678900372297 /* FirebaseInAppMessagingSwift-Beta in Frameworks */ = {isa = PBXBuildFile; productRef = ACFEBEF428E7678900372297 /* FirebaseInAppMessagingSwift-Beta */; };
		ACFEBEF728E7678900372297 /* FirebaseInstallations in Frameworks */ = {isa = PBXBuildFile; productRef = ACFEBEF628E7678900372297 /* FirebaseInstallations */; };
		ACFEBEF928E7678900372297 /* FirebaseMLModelDownloader in Frameworks */ = {isa = PBXBuildFile; productRef = ACFEBEF828E7678900372297 /* FirebaseMLModelDownloader */; };
		ACFEBEFB28E7678900372297 /* FirebaseMessaging in Frameworks */ = {isa = PBXBuildFile; productRef = ACFEBEFA28E7678900372297 /* FirebaseMessaging */; };
		ACFEBEFD28E7678900372297 /* FirebasePerformance in Frameworks */ = {isa = PBXBuildFile; productRef = ACFEBEFC28E7678900372297 /* FirebasePerformance */; };
		ACFEBEFF28E7678900372297 /* FirebaseRemoteConfig in Frameworks */ = {isa = PBXBuildFile; productRef = ACFEBEFE28E7678900372297 /* FirebaseRemoteConfig */; };
		ACFEBF0128E7678900372297 /* FirebaseRemoteConfigSwift in Frameworks */ = {isa = PBXBuildFile; productRef = ACFEBF0028E7678900372297 /* FirebaseRemoteConfigSwift */; };
		ACFEBF0328E7678900372297 /* FirebaseStorage in Frameworks */ = {isa = PBXBuildFile; productRef = ACFEBF0228E7678900372297 /* FirebaseStorage */; };
		ACFEBF0528E7678900372297 /* FirebaseStorageCombine-Community in Frameworks */ = {isa = PBXBuildFile; productRef = ACFEBF0428E7678900372297 /* FirebaseStorageCombine-Community */; };
		DB8BCD8F28EBD81A00630CA3 /* DismissTappablePresentationController.swift in Sources */ = {isa = PBXBuildFile; fileRef = DB8BCD8E28EBD81A00630CA3 /* DismissTappablePresentationController.swift */; };
		DB8BCD9128EBD83900630CA3 /* NotTappablePresentationController.swift in Sources */ = {isa = PBXBuildFile; fileRef = DB8BCD9028EBD83900630CA3 /* NotTappablePresentationController.swift */; };
		DB8BCD9728EBDC8F00630CA3 /* SignUpModalVC.swift in Sources */ = {isa = PBXBuildFile; fileRef = DB8BCD9628EBDC8F00630CA3 /* SignUpModalVC.swift */; };
		DB8BCD9928EBDD0F00630CA3 /* BodyMeasurementModalVC.swift in Sources */ = {isa = PBXBuildFile; fileRef = DB8BCD9828EBDD0F00630CA3 /* BodyMeasurementModalVC.swift */; };
		DB8BCD9F28EBDD8500630CA3 /* BuyModalVC.swift in Sources */ = {isa = PBXBuildFile; fileRef = DB8BCD9E28EBDD8500630CA3 /* BuyModalVC.swift */; };
		DB8BCDA328EBDE0800630CA3 /* SizeCalculatorModalVC.swift in Sources */ = {isa = PBXBuildFile; fileRef = DB8BCDA128EBDE0800630CA3 /* SizeCalculatorModalVC.swift */; };
		DB8BCDA428EBDE0800630CA3 /* SizeButtonView.swift in Sources */ = {isa = PBXBuildFile; fileRef = DB8BCDA228EBDE0800630CA3 /* SizeButtonView.swift */; };
		DB8BCDA628EBE03600630CA3 /* Sora-Bold.otf in Resources */ = {isa = PBXBuildFile; fileRef = ACFEBEC528E7613000372297 /* Sora-Bold.otf */; };
		DB8BCDA728EBE03600630CA3 /* Sora-Regular.otf in Resources */ = {isa = PBXBuildFile; fileRef = ACFEBEBE28E7613000372297 /* Sora-Regular.otf */; };
		DB8BCDA828EBE03600630CA3 /* Sora-SemiBold.otf in Resources */ = {isa = PBXBuildFile; fileRef = ACFEBEC228E7613000372297 /* Sora-SemiBold.otf */; };
		DB8BCDAA28EBF0F200630CA3 /* BuyModalVM.swift in Sources */ = {isa = PBXBuildFile; fileRef = DB8BCDA928EBF0F200630CA3 /* BuyModalVM.swift */; };
		DB9660E428EDD87C001D9A53 /* SetupBodyMeasurementModalVC.swift in Sources */ = {isa = PBXBuildFile; fileRef = DB9660E328EDD87C001D9A53 /* SetupBodyMeasurementModalVC.swift */; };
/* End PBXBuildFile section */

/* Begin PBXFileReference section */
		ACB588A328E7E66F0025D230 /* ResuableLabel.swift */ = {isa = PBXFileReference; lastKnownFileType = sourcecode.swift; path = ResuableLabel.swift; sourceTree = "<group>"; };
		ACB588A528E7E6D80025D230 /* Extensions.swift */ = {isa = PBXFileReference; lastKnownFileType = sourcecode.swift; name = Extensions.swift; path = mainProject/Vendor/Utilities/Extensions.swift; sourceTree = SOURCE_ROOT; };
		ACB588A728E7E9C30025D230 /* ReusableButton.swift */ = {isa = PBXFileReference; lastKnownFileType = sourcecode.swift; path = ReusableButton.swift; sourceTree = "<group>"; };
		ACFEBE9F28E7603000372297 /* mainProject.app */ = {isa = PBXFileReference; explicitFileType = wrapper.application; includeInIndex = 0; path = mainProject.app; sourceTree = BUILT_PRODUCTS_DIR; };
		ACFEBEA228E7603000372297 /* AppDelegate.swift */ = {isa = PBXFileReference; lastKnownFileType = sourcecode.swift; path = AppDelegate.swift; sourceTree = "<group>"; };
		ACFEBEA428E7603000372297 /* SceneDelegate.swift */ = {isa = PBXFileReference; lastKnownFileType = sourcecode.swift; path = SceneDelegate.swift; sourceTree = "<group>"; };
		ACFEBEA628E7603000372297 /* ViewController.swift */ = {isa = PBXFileReference; lastKnownFileType = sourcecode.swift; path = ViewController.swift; sourceTree = "<group>"; };
		ACFEBEA928E7603000372297 /* Base */ = {isa = PBXFileReference; lastKnownFileType = file.storyboard; name = Base; path = Base.lproj/Main.storyboard; sourceTree = "<group>"; };
		ACFEBEAB28E7603100372297 /* Assets.xcassets */ = {isa = PBXFileReference; lastKnownFileType = folder.assetcatalog; path = Assets.xcassets; sourceTree = "<group>"; };
		ACFEBEAE28E7603100372297 /* Base */ = {isa = PBXFileReference; lastKnownFileType = file.storyboard; name = Base; path = Base.lproj/LaunchScreen.storyboard; sourceTree = "<group>"; };
		ACFEBEB028E7603100372297 /* Info.plist */ = {isa = PBXFileReference; lastKnownFileType = text.plist.xml; path = Info.plist; sourceTree = "<group>"; };
		ACFEBEBE28E7613000372297 /* Sora-Regular.otf */ = {isa = PBXFileReference; lastKnownFileType = file; path = "Sora-Regular.otf"; sourceTree = "<group>"; };
		ACFEBEC228E7613000372297 /* Sora-SemiBold.otf */ = {isa = PBXFileReference; lastKnownFileType = file; path = "Sora-SemiBold.otf"; sourceTree = "<group>"; };
		ACFEBEC528E7613000372297 /* Sora-Bold.otf */ = {isa = PBXFileReference; lastKnownFileType = file; path = "Sora-Bold.otf"; sourceTree = "<group>"; };
		DB8BCD8E28EBD81A00630CA3 /* DismissTappablePresentationController.swift */ = {isa = PBXFileReference; lastKnownFileType = sourcecode.swift; path = DismissTappablePresentationController.swift; sourceTree = "<group>"; };
		DB8BCD9028EBD83900630CA3 /* NotTappablePresentationController.swift */ = {isa = PBXFileReference; lastKnownFileType = sourcecode.swift; path = NotTappablePresentationController.swift; sourceTree = "<group>"; };
		DB8BCD9628EBDC8F00630CA3 /* SignUpModalVC.swift */ = {isa = PBXFileReference; fileEncoding = 4; lastKnownFileType = sourcecode.swift; path = SignUpModalVC.swift; sourceTree = "<group>"; };
		DB8BCD9828EBDD0F00630CA3 /* BodyMeasurementModalVC.swift */ = {isa = PBXFileReference; fileEncoding = 4; lastKnownFileType = sourcecode.swift; path = BodyMeasurementModalVC.swift; sourceTree = "<group>"; };
		DB8BCD9E28EBDD8500630CA3 /* BuyModalVC.swift */ = {isa = PBXFileReference; fileEncoding = 4; lastKnownFileType = sourcecode.swift; path = BuyModalVC.swift; sourceTree = "<group>"; };
		DB8BCDA128EBDE0800630CA3 /* SizeCalculatorModalVC.swift */ = {isa = PBXFileReference; fileEncoding = 4; lastKnownFileType = sourcecode.swift; path = SizeCalculatorModalVC.swift; sourceTree = "<group>"; };
		DB8BCDA228EBDE0800630CA3 /* SizeButtonView.swift */ = {isa = PBXFileReference; fileEncoding = 4; lastKnownFileType = sourcecode.swift; path = SizeButtonView.swift; sourceTree = "<group>"; };
		DB8BCDA928EBF0F200630CA3 /* BuyModalVM.swift */ = {isa = PBXFileReference; lastKnownFileType = sourcecode.swift; path = BuyModalVM.swift; sourceTree = "<group>"; };
		DB9660E328EDD87C001D9A53 /* SetupBodyMeasurementModalVC.swift */ = {isa = PBXFileReference; lastKnownFileType = sourcecode.swift; path = SetupBodyMeasurementModalVC.swift; sourceTree = "<group>"; };
/* End PBXFileReference section */

/* Begin PBXFrameworksBuildPhase section */
		ACFEBE9C28E7603000372297 /* Frameworks */ = {
			isa = PBXFrameworksBuildPhase;
			buildActionMask = 2147483647;
			files = (
				ACFEBEE328E7678900372297 /* FirebaseDatabase in Frameworks */,
				ACFEBEF128E7678900372297 /* FirebaseFunctionsCombine-Community in Frameworks */,
				ACFEBEE928E7678900372297 /* FirebaseFirestore in Frameworks */,
				ACFEBED528E7678900372297 /* FirebaseAnalyticsSwift in Frameworks */,
				ACFEBED128E7678900372297 /* FirebaseAnalytics in Frameworks */,
				ACFEBED328E7678900372297 /* FirebaseAnalyticsOnDeviceConversion in Frameworks */,
				ACFEBEF928E7678900372297 /* FirebaseMLModelDownloader in Frameworks */,
				ACFEBEED28E7678900372297 /* FirebaseFirestoreSwift in Frameworks */,
				ACFEBED928E7678900372297 /* FirebaseAppCheck in Frameworks */,
				ACFEBED728E7678900372297 /* FirebaseAnalyticsWithoutAdIdSupport in Frameworks */,
				ACFEBEDD28E7678900372297 /* FirebaseAuth in Frameworks */,
				ACFEBEE128E7678900372297 /* FirebaseCrashlytics in Frameworks */,
				ACFEBF0128E7678900372297 /* FirebaseRemoteConfigSwift in Frameworks */,
				ACFEBEF328E7678900372297 /* FirebaseInAppMessaging-Beta in Frameworks */,
				ACFEBEE528E7678900372297 /* FirebaseDatabaseSwift in Frameworks */,
				ACFEBEEF28E7678900372297 /* FirebaseFunctions in Frameworks */,
				ACFEBF0528E7678900372297 /* FirebaseStorageCombine-Community in Frameworks */,
				ACB588AB28E7F08C0025D230 /* SnapKit in Frameworks */,
				ACFEBEFF28E7678900372297 /* FirebaseRemoteConfig in Frameworks */,
				ACFEBEDB28E7678900372297 /* FirebaseAppDistribution-Beta in Frameworks */,
				ACFEBEDF28E7678900372297 /* FirebaseAuthCombine-Community in Frameworks */,
				ACFEBEFD28E7678900372297 /* FirebasePerformance in Frameworks */,
				ACFEBEF528E7678900372297 /* FirebaseInAppMessagingSwift-Beta in Frameworks */,
				ACFEBF0328E7678900372297 /* FirebaseStorage in Frameworks */,
				ACFEBEE728E7678900372297 /* FirebaseDynamicLinks in Frameworks */,
				ACFEBEEB28E7678900372297 /* FirebaseFirestoreCombine-Community in Frameworks */,
				ACFEBEFB28E7678900372297 /* FirebaseMessaging in Frameworks */,
				ACFEBEF728E7678900372297 /* FirebaseInstallations in Frameworks */,
			);
			runOnlyForDeploymentPostprocessing = 0;
		};
/* End PBXFrameworksBuildPhase section */

/* Begin PBXGroup section */
		ACFEBE9628E7603000372297 = {
			isa = PBXGroup;
			children = (
				ACFEBEA128E7603000372297 /* mainProject */,
				ACFEBEA028E7603000372297 /* Products */,
			);
			sourceTree = "<group>";
		};
		ACFEBEA028E7603000372297 /* Products */ = {
			isa = PBXGroup;
			children = (
				ACFEBE9F28E7603000372297 /* mainProject.app */,
			);
			name = Products;
			sourceTree = "<group>";
		};
		ACFEBEA128E7603000372297 /* mainProject */ = {
			isa = PBXGroup;
			children = (
				ACFEBEA228E7603000372297 /* AppDelegate.swift */,
				ACFEBEA428E7603000372297 /* SceneDelegate.swift */,
				ACFEBEA628E7603000372297 /* ViewController.swift */,
				DB8BCD8A28EBD66D00630CA3 /* Reusable Modal */,
				ACFEBEBC28E7611000372297 /* Model */,
				ACFEBEB628E7611000372297 /* Vendor */,
				ACFEBECE28E7614500372297 /* Storyboards */,
				ACFEBEAB28E7603100372297 /* Assets.xcassets */,
				ACFEBEB028E7603100372297 /* Info.plist */,
			);
			path = mainProject;
			sourceTree = "<group>";
		};
		ACFEBEB628E7611000372297 /* Vendor */ = {
			isa = PBXGroup;
			children = (
				ACFEBEBD28E7611D00372297 /* Fonts */,
				ACFEBEB728E7611000372297 /* Extensions */,
				ACFEBEB828E7611000372297 /* Utilities */,
				ACFEBEB928E7611000372297 /* Constant */,
				ACFEBEBA28E7611000372297 /* Helper */,
				ACFEBEBB28E7611000372297 /* Services */,
			);
			path = Vendor;
			sourceTree = "<group>";
		};
		ACFEBEB728E7611000372297 /* Extensions */ = {
			isa = PBXGroup;
			children = (
				ACB588A528E7E6D80025D230 /* Extensions.swift */,
			);
			path = Extensions;
			sourceTree = "<group>";
		};
		ACFEBEB828E7611000372297 /* Utilities */ = {
			isa = PBXGroup;
			children = (
				ACB588A328E7E66F0025D230 /* ResuableLabel.swift */,
				ACB588A728E7E9C30025D230 /* ReusableButton.swift */,
			);
			path = Utilities;
			sourceTree = "<group>";
		};
		ACFEBEB928E7611000372297 /* Constant */ = {
			isa = PBXGroup;
			children = (
			);
			path = Constant;
			sourceTree = "<group>";
		};
		ACFEBEBA28E7611000372297 /* Helper */ = {
			isa = PBXGroup;
			children = (
			);
			path = Helper;
			sourceTree = "<group>";
		};
		ACFEBEBB28E7611000372297 /* Services */ = {
			isa = PBXGroup;
			children = (
			);
			path = Services;
			sourceTree = "<group>";
		};
		ACFEBEBC28E7611000372297 /* Model */ = {
			isa = PBXGroup;
			children = (
			);
			path = Model;
			sourceTree = "<group>";
		};
		ACFEBEBD28E7611D00372297 /* Fonts */ = {
			isa = PBXGroup;
			children = (
				ACFEBEC528E7613000372297 /* Sora-Bold.otf */,
				ACFEBEBE28E7613000372297 /* Sora-Regular.otf */,
				ACFEBEC228E7613000372297 /* Sora-SemiBold.otf */,
			);
			path = Fonts;
			sourceTree = "<group>";
		};
		ACFEBECE28E7614500372297 /* Storyboards */ = {
			isa = PBXGroup;
			children = (
				ACFEBEA828E7603000372297 /* Main.storyboard */,
				ACFEBEAD28E7603100372297 /* LaunchScreen.storyboard */,
			);
			path = Storyboards;
			sourceTree = "<group>";
		};
		DB8BCD8A28EBD66D00630CA3 /* Reusable Modal */ = {
			isa = PBXGroup;
			children = (
				DB8BCD8D28EBD7F900630CA3 /* Presentation Controller */,
				DB9660DE28EDD784001D9A53 /* SetupBodyMeasurementModal */,
				DB8BCD9528EBDC5C00630CA3 /* SizeCalculatorModal */,
				DB8BCD9428EBDC5400630CA3 /* BuyLinkModal */,
				DB8BCD9328EBDC3700630CA3 /* AskSetupBodyMeasurementModal */,
				DB8BCD9228EBDC1E00630CA3 /* AskToSignUpModal */,
			);
			path = "Reusable Modal";
			sourceTree = "<group>";
		};
		DB8BCD8B28EBD6B200630CA3 /* View */ = {
			isa = PBXGroup;
			children = (
				DB8BCD9628EBDC8F00630CA3 /* SignUpModalVC.swift */,
			);
			path = View;
			sourceTree = "<group>";
		};
		DB8BCD8C28EBD7A900630CA3 /* View Model */ = {
			isa = PBXGroup;
			children = (
			);
			path = "View Model";
			sourceTree = "<group>";
		};
		DB8BCD8D28EBD7F900630CA3 /* Presentation Controller */ = {
			isa = PBXGroup;
			children = (
				DB8BCD8E28EBD81A00630CA3 /* DismissTappablePresentationController.swift */,
				DB8BCD9028EBD83900630CA3 /* NotTappablePresentationController.swift */,
			);
			path = "Presentation Controller";
			sourceTree = "<group>";
		};
		DB8BCD9228EBDC1E00630CA3 /* AskToSignUpModal */ = {
			isa = PBXGroup;
			children = (
				DB8BCD8C28EBD7A900630CA3 /* View Model */,
				DB8BCD8B28EBD6B200630CA3 /* View */,
			);
			path = AskToSignUpModal;
			sourceTree = "<group>";
		};
		DB8BCD9328EBDC3700630CA3 /* AskSetupBodyMeasurementModal */ = {
			isa = PBXGroup;
			children = (
				DB8BCD9B28EBDD1C00630CA3 /* View Model */,
				DB8BCD9A28EBDD1500630CA3 /* View */,
			);
			path = AskSetupBodyMeasurementModal;
			sourceTree = "<group>";
		};
		DB8BCD9428EBDC5400630CA3 /* BuyLinkModal */ = {
			isa = PBXGroup;
			children = (
				DB8BCD9D28EBDD7900630CA3 /* View Model */,
				DB8BCD9C28EBDD7400630CA3 /* View */,
			);
			path = BuyLinkModal;
			sourceTree = "<group>";
		};
		DB8BCD9528EBDC5C00630CA3 /* SizeCalculatorModal */ = {
			isa = PBXGroup;
			children = (
				DB8BCDA528EBDE0B00630CA3 /* View Model */,
				DB8BCDA028EBDDFD00630CA3 /* View */,
			);
			path = SizeCalculatorModal;
			sourceTree = "<group>";
		};
		DB8BCD9A28EBDD1500630CA3 /* View */ = {
			isa = PBXGroup;
			children = (
				DB8BCD9828EBDD0F00630CA3 /* BodyMeasurementModalVC.swift */,
			);
			path = View;
			sourceTree = "<group>";
		};
		DB8BCD9B28EBDD1C00630CA3 /* View Model */ = {
			isa = PBXGroup;
			children = (
			);
			path = "View Model";
			sourceTree = "<group>";
		};
		DB8BCD9C28EBDD7400630CA3 /* View */ = {
			isa = PBXGroup;
			children = (
				DB8BCD9E28EBDD8500630CA3 /* BuyModalVC.swift */,
			);
			path = View;
			sourceTree = "<group>";
		};
		DB8BCD9D28EBDD7900630CA3 /* View Model */ = {
			isa = PBXGroup;
			children = (
				DB8BCDA928EBF0F200630CA3 /* BuyModalVM.swift */,
			);
			path = "View Model";
			sourceTree = "<group>";
		};
		DB8BCDA028EBDDFD00630CA3 /* View */ = {
			isa = PBXGroup;
			children = (
				DB8BCDA228EBDE0800630CA3 /* SizeButtonView.swift */,
				DB8BCDA128EBDE0800630CA3 /* SizeCalculatorModalVC.swift */,
			);
			path = View;
			sourceTree = "<group>";
		};
		DB8BCDA528EBDE0B00630CA3 /* View Model */ = {
			isa = PBXGroup;
			children = (
			);
			path = "View Model";
			sourceTree = "<group>";
		};
		DB9660DE28EDD784001D9A53 /* SetupBodyMeasurementModal */ = {
			isa = PBXGroup;
			children = (
				DB9660E028EDD7AF001D9A53 /* View Model */,
				DB9660DF28EDD7A9001D9A53 /* View */,
			);
			path = SetupBodyMeasurementModal;
			sourceTree = "<group>";
		};
		DB9660DF28EDD7A9001D9A53 /* View */ = {
			isa = PBXGroup;
			children = (
				DB9660E328EDD87C001D9A53 /* SetupBodyMeasurementModalVC.swift */,
			);
			path = View;
			sourceTree = "<group>";
		};
		DB9660E028EDD7AF001D9A53 /* View Model */ = {
			isa = PBXGroup;
			children = (
			);
			path = "View Model";
			sourceTree = "<group>";
		};
/* End PBXGroup section */

/* Begin PBXNativeTarget section */
		ACFEBE9E28E7603000372297 /* mainProject */ = {
			isa = PBXNativeTarget;
			buildConfigurationList = ACFEBEB328E7603100372297 /* Build configuration list for PBXNativeTarget "mainProject" */;
			buildPhases = (
				ACFEBE9B28E7603000372297 /* Sources */,
				ACFEBE9C28E7603000372297 /* Frameworks */,
				ACFEBE9D28E7603000372297 /* Resources */,
			);
			buildRules = (
			);
			dependencies = (
			);
			name = mainProject;
			packageProductDependencies = (
				ACFEBED028E7678900372297 /* FirebaseAnalytics */,
				ACFEBED228E7678900372297 /* FirebaseAnalyticsOnDeviceConversion */,
				ACFEBED428E7678900372297 /* FirebaseAnalyticsSwift */,
				ACFEBED628E7678900372297 /* FirebaseAnalyticsWithoutAdIdSupport */,
				ACFEBED828E7678900372297 /* FirebaseAppCheck */,
				ACFEBEDA28E7678900372297 /* FirebaseAppDistribution-Beta */,
				ACFEBEDC28E7678900372297 /* FirebaseAuth */,
				ACFEBEDE28E7678900372297 /* FirebaseAuthCombine-Community */,
				ACFEBEE028E7678900372297 /* FirebaseCrashlytics */,
				ACFEBEE228E7678900372297 /* FirebaseDatabase */,
				ACFEBEE428E7678900372297 /* FirebaseDatabaseSwift */,
				ACFEBEE628E7678900372297 /* FirebaseDynamicLinks */,
				ACFEBEE828E7678900372297 /* FirebaseFirestore */,
				ACFEBEEA28E7678900372297 /* FirebaseFirestoreCombine-Community */,
				ACFEBEEC28E7678900372297 /* FirebaseFirestoreSwift */,
				ACFEBEEE28E7678900372297 /* FirebaseFunctions */,
				ACFEBEF028E7678900372297 /* FirebaseFunctionsCombine-Community */,
				ACFEBEF228E7678900372297 /* FirebaseInAppMessaging-Beta */,
				ACFEBEF428E7678900372297 /* FirebaseInAppMessagingSwift-Beta */,
				ACFEBEF628E7678900372297 /* FirebaseInstallations */,
				ACFEBEF828E7678900372297 /* FirebaseMLModelDownloader */,
				ACFEBEFA28E7678900372297 /* FirebaseMessaging */,
				ACFEBEFC28E7678900372297 /* FirebasePerformance */,
				ACFEBEFE28E7678900372297 /* FirebaseRemoteConfig */,
				ACFEBF0028E7678900372297 /* FirebaseRemoteConfigSwift */,
				ACFEBF0228E7678900372297 /* FirebaseStorage */,
				ACFEBF0428E7678900372297 /* FirebaseStorageCombine-Community */,
				ACB588AA28E7F08C0025D230 /* SnapKit */,
			);
			productName = mainProject;
			productReference = ACFEBE9F28E7603000372297 /* mainProject.app */;
			productType = "com.apple.product-type.application";
		};
/* End PBXNativeTarget section */

/* Begin PBXProject section */
		ACFEBE9728E7603000372297 /* Project object */ = {
			isa = PBXProject;
			attributes = {
				BuildIndependentTargetsInParallel = 1;
				LastSwiftUpdateCheck = 1340;
				LastUpgradeCheck = 1340;
				TargetAttributes = {
					ACFEBE9E28E7603000372297 = {
						CreatedOnToolsVersion = 13.4.1;
					};
				};
			};
			buildConfigurationList = ACFEBE9A28E7603000372297 /* Build configuration list for PBXProject "mainProject" */;
			compatibilityVersion = "Xcode 13.0";
			developmentRegion = en;
			hasScannedForEncodings = 0;
			knownRegions = (
				en,
				Base,
			);
			mainGroup = ACFEBE9628E7603000372297;
			packageReferences = (
				ACFEBECF28E7678900372297 /* XCRemoteSwiftPackageReference "firebase-ios-sdk" */,
				ACB588A928E7F08C0025D230 /* XCRemoteSwiftPackageReference "SnapKit" */,
			);
			productRefGroup = ACFEBEA028E7603000372297 /* Products */;
			projectDirPath = "";
			projectRoot = "";
			targets = (
				ACFEBE9E28E7603000372297 /* mainProject */,
			);
		};
/* End PBXProject section */

/* Begin PBXResourcesBuildPhase section */
		ACFEBE9D28E7603000372297 /* Resources */ = {
			isa = PBXResourcesBuildPhase;
			buildActionMask = 2147483647;
			files = (
				ACFEBEAF28E7603100372297 /* LaunchScreen.storyboard in Resources */,
				DB8BCDA828EBE03600630CA3 /* Sora-SemiBold.otf in Resources */,
				ACFEBEAC28E7603100372297 /* Assets.xcassets in Resources */,
				ACFEBEAA28E7603000372297 /* Main.storyboard in Resources */,
				DB8BCDA628EBE03600630CA3 /* Sora-Bold.otf in Resources */,
				DB8BCDA728EBE03600630CA3 /* Sora-Regular.otf in Resources */,
			);
			runOnlyForDeploymentPostprocessing = 0;
		};
/* End PBXResourcesBuildPhase section */

/* Begin PBXSourcesBuildPhase section */
		ACFEBE9B28E7603000372297 /* Sources */ = {
			isa = PBXSourcesBuildPhase;
			buildActionMask = 2147483647;
			files = (
				DB8BCD8F28EBD81A00630CA3 /* DismissTappablePresentationController.swift in Sources */,
				DB8BCDAA28EBF0F200630CA3 /* BuyModalVM.swift in Sources */,
				DB9660E428EDD87C001D9A53 /* SetupBodyMeasurementModalVC.swift in Sources */,
				DB8BCDA328EBDE0800630CA3 /* SizeCalculatorModalVC.swift in Sources */,
				DB8BCD9F28EBDD8500630CA3 /* BuyModalVC.swift in Sources */,
				DB8BCD9728EBDC8F00630CA3 /* SignUpModalVC.swift in Sources */,
				DB8BCDA428EBDE0800630CA3 /* SizeButtonView.swift in Sources */,
				ACB588A628E7E6D80025D230 /* Extensions.swift in Sources */,
				ACFEBEA728E7603000372297 /* ViewController.swift in Sources */,
				ACB588A828E7E9C30025D230 /* ReusableButton.swift in Sources */,
				DB8BCD9128EBD83900630CA3 /* NotTappablePresentationController.swift in Sources */,
				ACB588A428E7E66F0025D230 /* ResuableLabel.swift in Sources */,
				DB8BCD9928EBDD0F00630CA3 /* BodyMeasurementModalVC.swift in Sources */,
				ACFEBEA328E7603000372297 /* AppDelegate.swift in Sources */,
				ACFEBEA528E7603000372297 /* SceneDelegate.swift in Sources */,
			);
			runOnlyForDeploymentPostprocessing = 0;
		};
/* End PBXSourcesBuildPhase section */

/* Begin PBXVariantGroup section */
		ACFEBEA828E7603000372297 /* Main.storyboard */ = {
			isa = PBXVariantGroup;
			children = (
				ACFEBEA928E7603000372297 /* Base */,
			);
			name = Main.storyboard;
			sourceTree = "<group>";
		};
		ACFEBEAD28E7603100372297 /* LaunchScreen.storyboard */ = {
			isa = PBXVariantGroup;
			children = (
				ACFEBEAE28E7603100372297 /* Base */,
			);
			name = LaunchScreen.storyboard;
			sourceTree = "<group>";
		};
/* End PBXVariantGroup section */

/* Begin XCBuildConfiguration section */
		ACFEBEB128E7603100372297 /* Debug */ = {
			isa = XCBuildConfiguration;
			buildSettings = {
				ALWAYS_SEARCH_USER_PATHS = NO;
				CLANG_ANALYZER_NONNULL = YES;
				CLANG_ANALYZER_NUMBER_OBJECT_CONVERSION = YES_AGGRESSIVE;
				CLANG_CXX_LANGUAGE_STANDARD = "gnu++17";
				CLANG_ENABLE_MODULES = YES;
				CLANG_ENABLE_OBJC_ARC = YES;
				CLANG_ENABLE_OBJC_WEAK = YES;
				CLANG_WARN_BLOCK_CAPTURE_AUTORELEASING = YES;
				CLANG_WARN_BOOL_CONVERSION = YES;
				CLANG_WARN_COMMA = YES;
				CLANG_WARN_CONSTANT_CONVERSION = YES;
				CLANG_WARN_DEPRECATED_OBJC_IMPLEMENTATIONS = YES;
				CLANG_WARN_DIRECT_OBJC_ISA_USAGE = YES_ERROR;
				CLANG_WARN_DOCUMENTATION_COMMENTS = YES;
				CLANG_WARN_EMPTY_BODY = YES;
				CLANG_WARN_ENUM_CONVERSION = YES;
				CLANG_WARN_INFINITE_RECURSION = YES;
				CLANG_WARN_INT_CONVERSION = YES;
				CLANG_WARN_NON_LITERAL_NULL_CONVERSION = YES;
				CLANG_WARN_OBJC_IMPLICIT_RETAIN_SELF = YES;
				CLANG_WARN_OBJC_LITERAL_CONVERSION = YES;
				CLANG_WARN_OBJC_ROOT_CLASS = YES_ERROR;
				CLANG_WARN_QUOTED_INCLUDE_IN_FRAMEWORK_HEADER = YES;
				CLANG_WARN_RANGE_LOOP_ANALYSIS = YES;
				CLANG_WARN_STRICT_PROTOTYPES = YES;
				CLANG_WARN_SUSPICIOUS_MOVE = YES;
				CLANG_WARN_UNGUARDED_AVAILABILITY = YES_AGGRESSIVE;
				CLANG_WARN_UNREACHABLE_CODE = YES;
				CLANG_WARN__DUPLICATE_METHOD_MATCH = YES;
				COPY_PHASE_STRIP = NO;
				DEBUG_INFORMATION_FORMAT = dwarf;
				ENABLE_STRICT_OBJC_MSGSEND = YES;
				ENABLE_TESTABILITY = YES;
				GCC_C_LANGUAGE_STANDARD = gnu11;
				GCC_DYNAMIC_NO_PIC = NO;
				GCC_NO_COMMON_BLOCKS = YES;
				GCC_OPTIMIZATION_LEVEL = 0;
				GCC_PREPROCESSOR_DEFINITIONS = (
					"DEBUG=1",
					"$(inherited)",
				);
				GCC_WARN_64_TO_32_BIT_CONVERSION = YES;
				GCC_WARN_ABOUT_RETURN_TYPE = YES_ERROR;
				GCC_WARN_UNDECLARED_SELECTOR = YES;
				GCC_WARN_UNINITIALIZED_AUTOS = YES_AGGRESSIVE;
				GCC_WARN_UNUSED_FUNCTION = YES;
				GCC_WARN_UNUSED_VARIABLE = YES;
				IPHONEOS_DEPLOYMENT_TARGET = 15.5;
				MTL_ENABLE_DEBUG_INFO = INCLUDE_SOURCE;
				MTL_FAST_MATH = YES;
				ONLY_ACTIVE_ARCH = YES;
				SDKROOT = iphoneos;
				SWIFT_ACTIVE_COMPILATION_CONDITIONS = DEBUG;
				SWIFT_OPTIMIZATION_LEVEL = "-Onone";
			};
			name = Debug;
		};
		ACFEBEB228E7603100372297 /* Release */ = {
			isa = XCBuildConfiguration;
			buildSettings = {
				ALWAYS_SEARCH_USER_PATHS = NO;
				CLANG_ANALYZER_NONNULL = YES;
				CLANG_ANALYZER_NUMBER_OBJECT_CONVERSION = YES_AGGRESSIVE;
				CLANG_CXX_LANGUAGE_STANDARD = "gnu++17";
				CLANG_ENABLE_MODULES = YES;
				CLANG_ENABLE_OBJC_ARC = YES;
				CLANG_ENABLE_OBJC_WEAK = YES;
				CLANG_WARN_BLOCK_CAPTURE_AUTORELEASING = YES;
				CLANG_WARN_BOOL_CONVERSION = YES;
				CLANG_WARN_COMMA = YES;
				CLANG_WARN_CONSTANT_CONVERSION = YES;
				CLANG_WARN_DEPRECATED_OBJC_IMPLEMENTATIONS = YES;
				CLANG_WARN_DIRECT_OBJC_ISA_USAGE = YES_ERROR;
				CLANG_WARN_DOCUMENTATION_COMMENTS = YES;
				CLANG_WARN_EMPTY_BODY = YES;
				CLANG_WARN_ENUM_CONVERSION = YES;
				CLANG_WARN_INFINITE_RECURSION = YES;
				CLANG_WARN_INT_CONVERSION = YES;
				CLANG_WARN_NON_LITERAL_NULL_CONVERSION = YES;
				CLANG_WARN_OBJC_IMPLICIT_RETAIN_SELF = YES;
				CLANG_WARN_OBJC_LITERAL_CONVERSION = YES;
				CLANG_WARN_OBJC_ROOT_CLASS = YES_ERROR;
				CLANG_WARN_QUOTED_INCLUDE_IN_FRAMEWORK_HEADER = YES;
				CLANG_WARN_RANGE_LOOP_ANALYSIS = YES;
				CLANG_WARN_STRICT_PROTOTYPES = YES;
				CLANG_WARN_SUSPICIOUS_MOVE = YES;
				CLANG_WARN_UNGUARDED_AVAILABILITY = YES_AGGRESSIVE;
				CLANG_WARN_UNREACHABLE_CODE = YES;
				CLANG_WARN__DUPLICATE_METHOD_MATCH = YES;
				COPY_PHASE_STRIP = NO;
				DEBUG_INFORMATION_FORMAT = "dwarf-with-dsym";
				ENABLE_NS_ASSERTIONS = NO;
				ENABLE_STRICT_OBJC_MSGSEND = YES;
				GCC_C_LANGUAGE_STANDARD = gnu11;
				GCC_NO_COMMON_BLOCKS = YES;
				GCC_WARN_64_TO_32_BIT_CONVERSION = YES;
				GCC_WARN_ABOUT_RETURN_TYPE = YES_ERROR;
				GCC_WARN_UNDECLARED_SELECTOR = YES;
				GCC_WARN_UNINITIALIZED_AUTOS = YES_AGGRESSIVE;
				GCC_WARN_UNUSED_FUNCTION = YES;
				GCC_WARN_UNUSED_VARIABLE = YES;
				IPHONEOS_DEPLOYMENT_TARGET = 15.5;
				MTL_ENABLE_DEBUG_INFO = NO;
				MTL_FAST_MATH = YES;
				SDKROOT = iphoneos;
				SWIFT_COMPILATION_MODE = wholemodule;
				SWIFT_OPTIMIZATION_LEVEL = "-O";
				VALIDATE_PRODUCT = YES;
			};
			name = Release;
		};
		ACFEBEB428E7603100372297 /* Debug */ = {
			isa = XCBuildConfiguration;
			buildSettings = {
				ASSETCATALOG_COMPILER_APPICON_NAME = AppIcon;
				ASSETCATALOG_COMPILER_GLOBAL_ACCENT_COLOR_NAME = AccentColor;
				CODE_SIGN_STYLE = Automatic;
				CURRENT_PROJECT_VERSION = 1;
				DEVELOPMENT_TEAM = L7SMRXB5WV;
				GENERATE_INFOPLIST_FILE = YES;
				INFOPLIST_FILE = mainProject/Info.plist;
				INFOPLIST_KEY_UIApplicationSupportsIndirectInputEvents = YES;
				INFOPLIST_KEY_UILaunchStoryboardName = LaunchScreen;
				INFOPLIST_KEY_UIMainStoryboardFile = Main;
				INFOPLIST_KEY_UISupportedInterfaceOrientations_iPad = "UIInterfaceOrientationPortrait UIInterfaceOrientationPortraitUpsideDown UIInterfaceOrientationLandscapeLeft UIInterfaceOrientationLandscapeRight";
				INFOPLIST_KEY_UISupportedInterfaceOrientations_iPhone = "UIInterfaceOrientationPortrait UIInterfaceOrientationLandscapeLeft UIInterfaceOrientationLandscapeRight";
				LD_RUNPATH_SEARCH_PATHS = (
					"$(inherited)",
					"@executable_path/Frameworks",
				);
				MARKETING_VERSION = 1.0;
				PRODUCT_BUNDLE_IDENTIFIER = com.bryankenneth.mainProject;
				PRODUCT_NAME = "$(TARGET_NAME)";
				SWIFT_EMIT_LOC_STRINGS = YES;
				SWIFT_VERSION = 5.0;
				TARGETED_DEVICE_FAMILY = "1,2";
			};
			name = Debug;
		};
		ACFEBEB528E7603100372297 /* Release */ = {
			isa = XCBuildConfiguration;
			buildSettings = {
				ASSETCATALOG_COMPILER_APPICON_NAME = AppIcon;
				ASSETCATALOG_COMPILER_GLOBAL_ACCENT_COLOR_NAME = AccentColor;
				CODE_SIGN_STYLE = Automatic;
				CURRENT_PROJECT_VERSION = 1;
				DEVELOPMENT_TEAM = L7SMRXB5WV;
				GENERATE_INFOPLIST_FILE = YES;
				INFOPLIST_FILE = mainProject/Info.plist;
				INFOPLIST_KEY_UIApplicationSupportsIndirectInputEvents = YES;
				INFOPLIST_KEY_UILaunchStoryboardName = LaunchScreen;
				INFOPLIST_KEY_UIMainStoryboardFile = Main;
				INFOPLIST_KEY_UISupportedInterfaceOrientations_iPad = "UIInterfaceOrientationPortrait UIInterfaceOrientationPortraitUpsideDown UIInterfaceOrientationLandscapeLeft UIInterfaceOrientationLandscapeRight";
				INFOPLIST_KEY_UISupportedInterfaceOrientations_iPhone = "UIInterfaceOrientationPortrait UIInterfaceOrientationLandscapeLeft UIInterfaceOrientationLandscapeRight";
				LD_RUNPATH_SEARCH_PATHS = (
					"$(inherited)",
					"@executable_path/Frameworks",
				);
				MARKETING_VERSION = 1.0;
				PRODUCT_BUNDLE_IDENTIFIER = com.bryankenneth.mainProject;
				PRODUCT_NAME = "$(TARGET_NAME)";
				SWIFT_EMIT_LOC_STRINGS = YES;
				SWIFT_VERSION = 5.0;
				TARGETED_DEVICE_FAMILY = "1,2";
			};
			name = Release;
		};
/* End XCBuildConfiguration section */

/* Begin XCConfigurationList section */
		ACFEBE9A28E7603000372297 /* Build configuration list for PBXProject "mainProject" */ = {
			isa = XCConfigurationList;
			buildConfigurations = (
				ACFEBEB128E7603100372297 /* Debug */,
				ACFEBEB228E7603100372297 /* Release */,
			);
			defaultConfigurationIsVisible = 0;
			defaultConfigurationName = Release;
		};
		ACFEBEB328E7603100372297 /* Build configuration list for PBXNativeTarget "mainProject" */ = {
			isa = XCConfigurationList;
			buildConfigurations = (
				ACFEBEB428E7603100372297 /* Debug */,
				ACFEBEB528E7603100372297 /* Release */,
			);
			defaultConfigurationIsVisible = 0;
			defaultConfigurationName = Release;
		};
/* End XCConfigurationList section */

/* Begin XCRemoteSwiftPackageReference section */
		ACB588A928E7F08C0025D230 /* XCRemoteSwiftPackageReference "SnapKit" */ = {
			isa = XCRemoteSwiftPackageReference;
			repositoryURL = "https://github.com/SnapKit/SnapKit";
			requirement = {
				branch = develop;
				kind = branch;
			};
		};
		ACFEBECF28E7678900372297 /* XCRemoteSwiftPackageReference "firebase-ios-sdk" */ = {
			isa = XCRemoteSwiftPackageReference;
			repositoryURL = "https://github.com/firebase/firebase-ios-sdk";
			requirement = {
				kind = upToNextMajorVersion;
				minimumVersion = 9.0.0;
			};
		};
/* End XCRemoteSwiftPackageReference section */

/* Begin XCSwiftPackageProductDependency section */
		ACB588AA28E7F08C0025D230 /* SnapKit */ = {
			isa = XCSwiftPackageProductDependency;
			package = ACB588A928E7F08C0025D230 /* XCRemoteSwiftPackageReference "SnapKit" */;
			productName = SnapKit;
		};
		ACFEBED028E7678900372297 /* FirebaseAnalytics */ = {
			isa = XCSwiftPackageProductDependency;
			package = ACFEBECF28E7678900372297 /* XCRemoteSwiftPackageReference "firebase-ios-sdk" */;
			productName = FirebaseAnalytics;
		};
		ACFEBED228E7678900372297 /* FirebaseAnalyticsOnDeviceConversion */ = {
			isa = XCSwiftPackageProductDependency;
			package = ACFEBECF28E7678900372297 /* XCRemoteSwiftPackageReference "firebase-ios-sdk" */;
			productName = FirebaseAnalyticsOnDeviceConversion;
		};
		ACFEBED428E7678900372297 /* FirebaseAnalyticsSwift */ = {
			isa = XCSwiftPackageProductDependency;
			package = ACFEBECF28E7678900372297 /* XCRemoteSwiftPackageReference "firebase-ios-sdk" */;
			productName = FirebaseAnalyticsSwift;
		};
		ACFEBED628E7678900372297 /* FirebaseAnalyticsWithoutAdIdSupport */ = {
			isa = XCSwiftPackageProductDependency;
			package = ACFEBECF28E7678900372297 /* XCRemoteSwiftPackageReference "firebase-ios-sdk" */;
			productName = FirebaseAnalyticsWithoutAdIdSupport;
		};
		ACFEBED828E7678900372297 /* FirebaseAppCheck */ = {
			isa = XCSwiftPackageProductDependency;
			package = ACFEBECF28E7678900372297 /* XCRemoteSwiftPackageReference "firebase-ios-sdk" */;
			productName = FirebaseAppCheck;
		};
		ACFEBEDA28E7678900372297 /* FirebaseAppDistribution-Beta */ = {
			isa = XCSwiftPackageProductDependency;
			package = ACFEBECF28E7678900372297 /* XCRemoteSwiftPackageReference "firebase-ios-sdk" */;
			productName = "FirebaseAppDistribution-Beta";
		};
		ACFEBEDC28E7678900372297 /* FirebaseAuth */ = {
			isa = XCSwiftPackageProductDependency;
			package = ACFEBECF28E7678900372297 /* XCRemoteSwiftPackageReference "firebase-ios-sdk" */;
			productName = FirebaseAuth;
		};
		ACFEBEDE28E7678900372297 /* FirebaseAuthCombine-Community */ = {
			isa = XCSwiftPackageProductDependency;
			package = ACFEBECF28E7678900372297 /* XCRemoteSwiftPackageReference "firebase-ios-sdk" */;
			productName = "FirebaseAuthCombine-Community";
		};
		ACFEBEE028E7678900372297 /* FirebaseCrashlytics */ = {
			isa = XCSwiftPackageProductDependency;
			package = ACFEBECF28E7678900372297 /* XCRemoteSwiftPackageReference "firebase-ios-sdk" */;
			productName = FirebaseCrashlytics;
		};
		ACFEBEE228E7678900372297 /* FirebaseDatabase */ = {
			isa = XCSwiftPackageProductDependency;
			package = ACFEBECF28E7678900372297 /* XCRemoteSwiftPackageReference "firebase-ios-sdk" */;
			productName = FirebaseDatabase;
		};
		ACFEBEE428E7678900372297 /* FirebaseDatabaseSwift */ = {
			isa = XCSwiftPackageProductDependency;
			package = ACFEBECF28E7678900372297 /* XCRemoteSwiftPackageReference "firebase-ios-sdk" */;
			productName = FirebaseDatabaseSwift;
		};
		ACFEBEE628E7678900372297 /* FirebaseDynamicLinks */ = {
			isa = XCSwiftPackageProductDependency;
			package = ACFEBECF28E7678900372297 /* XCRemoteSwiftPackageReference "firebase-ios-sdk" */;
			productName = FirebaseDynamicLinks;
		};
		ACFEBEE828E7678900372297 /* FirebaseFirestore */ = {
			isa = XCSwiftPackageProductDependency;
			package = ACFEBECF28E7678900372297 /* XCRemoteSwiftPackageReference "firebase-ios-sdk" */;
			productName = FirebaseFirestore;
		};
		ACFEBEEA28E7678900372297 /* FirebaseFirestoreCombine-Community */ = {
			isa = XCSwiftPackageProductDependency;
			package = ACFEBECF28E7678900372297 /* XCRemoteSwiftPackageReference "firebase-ios-sdk" */;
			productName = "FirebaseFirestoreCombine-Community";
		};
		ACFEBEEC28E7678900372297 /* FirebaseFirestoreSwift */ = {
			isa = XCSwiftPackageProductDependency;
			package = ACFEBECF28E7678900372297 /* XCRemoteSwiftPackageReference "firebase-ios-sdk" */;
			productName = FirebaseFirestoreSwift;
		};
		ACFEBEEE28E7678900372297 /* FirebaseFunctions */ = {
			isa = XCSwiftPackageProductDependency;
			package = ACFEBECF28E7678900372297 /* XCRemoteSwiftPackageReference "firebase-ios-sdk" */;
			productName = FirebaseFunctions;
		};
		ACFEBEF028E7678900372297 /* FirebaseFunctionsCombine-Community */ = {
			isa = XCSwiftPackageProductDependency;
			package = ACFEBECF28E7678900372297 /* XCRemoteSwiftPackageReference "firebase-ios-sdk" */;
			productName = "FirebaseFunctionsCombine-Community";
		};
		ACFEBEF228E7678900372297 /* FirebaseInAppMessaging-Beta */ = {
			isa = XCSwiftPackageProductDependency;
			package = ACFEBECF28E7678900372297 /* XCRemoteSwiftPackageReference "firebase-ios-sdk" */;
			productName = "FirebaseInAppMessaging-Beta";
		};
		ACFEBEF428E7678900372297 /* FirebaseInAppMessagingSwift-Beta */ = {
			isa = XCSwiftPackageProductDependency;
			package = ACFEBECF28E7678900372297 /* XCRemoteSwiftPackageReference "firebase-ios-sdk" */;
			productName = "FirebaseInAppMessagingSwift-Beta";
		};
		ACFEBEF628E7678900372297 /* FirebaseInstallations */ = {
			isa = XCSwiftPackageProductDependency;
			package = ACFEBECF28E7678900372297 /* XCRemoteSwiftPackageReference "firebase-ios-sdk" */;
			productName = FirebaseInstallations;
		};
		ACFEBEF828E7678900372297 /* FirebaseMLModelDownloader */ = {
			isa = XCSwiftPackageProductDependency;
			package = ACFEBECF28E7678900372297 /* XCRemoteSwiftPackageReference "firebase-ios-sdk" */;
			productName = FirebaseMLModelDownloader;
		};
		ACFEBEFA28E7678900372297 /* FirebaseMessaging */ = {
			isa = XCSwiftPackageProductDependency;
			package = ACFEBECF28E7678900372297 /* XCRemoteSwiftPackageReference "firebase-ios-sdk" */;
			productName = FirebaseMessaging;
		};
		ACFEBEFC28E7678900372297 /* FirebasePerformance */ = {
			isa = XCSwiftPackageProductDependency;
			package = ACFEBECF28E7678900372297 /* XCRemoteSwiftPackageReference "firebase-ios-sdk" */;
			productName = FirebasePerformance;
		};
		ACFEBEFE28E7678900372297 /* FirebaseRemoteConfig */ = {
			isa = XCSwiftPackageProductDependency;
			package = ACFEBECF28E7678900372297 /* XCRemoteSwiftPackageReference "firebase-ios-sdk" */;
			productName = FirebaseRemoteConfig;
		};
		ACFEBF0028E7678900372297 /* FirebaseRemoteConfigSwift */ = {
			isa = XCSwiftPackageProductDependency;
			package = ACFEBECF28E7678900372297 /* XCRemoteSwiftPackageReference "firebase-ios-sdk" */;
			productName = FirebaseRemoteConfigSwift;
		};
		ACFEBF0228E7678900372297 /* FirebaseStorage */ = {
			isa = XCSwiftPackageProductDependency;
			package = ACFEBECF28E7678900372297 /* XCRemoteSwiftPackageReference "firebase-ios-sdk" */;
			productName = FirebaseStorage;
		};
		ACFEBF0428E7678900372297 /* FirebaseStorageCombine-Community */ = {
			isa = XCSwiftPackageProductDependency;
			package = ACFEBECF28E7678900372297 /* XCRemoteSwiftPackageReference "firebase-ios-sdk" */;
			productName = "FirebaseStorageCombine-Community";
		};
/* End XCSwiftPackageProductDependency section */
	};
	rootObject = ACFEBE9728E7603000372297 /* Project object */;
}
